#include <stdio.h>
#include <stdlib.h>

int main()
{
    int a=30;
    int b=7;
    int c;

    c=a+b;
    printf("baris 1 = nilai c adalah %d\n",c);
    c=a-b;
    printf("baris 2 = nilai c adalah %d\n",c);
    c=a*b;
    printf("baris 3 = nilai c adalah %d\n",c);
    c=a/b;
    printf("baris 4 = nilai c adalah %d\n",c);
    c=a%b;
    printf("baris 5 = nilai c adalah %d\n",c);
    c=a++;
    printf("baris 6 = nilai c adalah %d\n",c);
    c=a--;
    printf("baris 7 = niali c adalah %d\n",c);
    return 0;
}


